// !$*UTF8*$!
{
	archiveVersion = 1;
	classes = {
	};
	objectVersion = 56;
	objects = {

/* Begin PBXBuildFile section */
		CA4E20442C8A5D9E00DA1E01 /* AnalyticsView.swift in Sources */ = {isa = PBXBuildFile; fileRef = CA4E20432C8A5D9E00DA1E01 /* AnalyticsView.swift */; };
		CA882DB82C7189C5007B7B9A /* ZenApp.swift in Sources */ = {isa = PBXBuildFile; fileRef = CA882DB72C7189C5007B7B9A /* ZenApp.swift */; };
		CA882DBA2C7189C5007B7B9A /* ContentView.swift in Sources */ = {isa = PBXBuildFile; fileRef = CA882DB92C7189C5007B7B9A /* ContentView.swift */; };
		CA882DBC2C7189C5007B7B9A /* Item.swift in Sources */ = {isa = PBXBuildFile; fileRef = CA882DBB2C7189C5007B7B9A /* Item.swift */; };
		CA882DBE2C7189C8007B7B9A /* Assets.xcassets in Resources */ = {isa = PBXBuildFile; fileRef = CA882DBD2C7189C8007B7B9A /* Assets.xcassets */; };
		CA882DC12C7189C8007B7B9A /* Preview Assets.xcassets in Resources */ = {isa = PBXBuildFile; fileRef = CA882DC02C7189C8007B7B9A /* Preview Assets.xcassets */; };
		CA882DCB2C7189C8007B7B9A /* ZenCheckTests.swift in Sources */ = {isa = PBXBuildFile; fileRef = CA882DCA2C7189C8007B7B9A /* ZenCheckTests.swift */; };
		CA882DD52C7189C8007B7B9A /* ZenUITests.swift in Sources */ = {isa = PBXBuildFile; fileRef = CA882DD42C7189C8007B7B9A /* ZenUITests.swift */; };
		CA882DD72C7189C8007B7B9A /* ZenUITestsLaunchTests.swift in Sources */ = {isa = PBXBuildFile; fileRef = CA882DD62C7189C8007B7B9A /* ZenUITestsLaunchTests.swift */; };
		CA882DE82C718C55007B7B9A /* Task.swift in Sources */ = {isa = PBXBuildFile; fileRef = CA882DE72C718C55007B7B9A /* Task.swift */; };
		CA882DEA2C718C76007B7B9A /* TaskViewModel.swift in Sources */ = {isa = PBXBuildFile; fileRef = CA882DE92C718C76007B7B9A /* TaskViewModel.swift */; };
		CA882DEC2C718CC5007B7B9A /* HomeView.swift in Sources */ = {isa = PBXBuildFile; fileRef = CA882DEB2C718CC5007B7B9A /* HomeView.swift */; };
		CA882DEE2C718CE8007B7B9A /* CalendarView.swift in Sources */ = {isa = PBXBuildFile; fileRef = CA882DED2C718CE8007B7B9A /* CalendarView.swift */; };
		CAFD49582C72995300CED77C /* SummaryView.swift in Sources */ = {isa = PBXBuildFile; fileRef = CAFD49572C72995300CED77C /* SummaryView.swift */; };
		CAFD495B2C7299C500CED77C /* OpenAIService.swift in Sources */ = {isa = PBXBuildFile; fileRef = CAFD495A2C7299C500CED77C /* OpenAIService.swift */; };
/* End PBXBuildFile section */

/* Begin PBXContainerItemProxy section */
		CA882DC72C7189C8007B7B9A /* PBXContainerItemProxy */ = {
			isa = PBXContainerItemProxy;
			containerPortal = CA882DAC2C7189C5007B7B9A /* Project object */;
			proxyType = 1;
			remoteGlobalIDString = CA882DB32C7189C5007B7B9A;
			remoteInfo = ZenCheck;
		};
		CA882DD12C7189C8007B7B9A /* PBXContainerItemProxy */ = {
			isa = PBXContainerItemProxy;
			containerPortal = CA882DAC2C7189C5007B7B9A /* Project object */;
			proxyType = 1;
			remoteGlobalIDString = CA882DB32C7189C5007B7B9A;
			remoteInfo = ZenCheck;
		};
/* End PBXContainerItemProxy section */

/* Begin PBXFileReference section */
		CA4E20432C8A5D9E00DA1E01 /* AnalyticsView.swift */ = {isa = PBXFileReference; lastKnownFileType = sourcecode.swift; path = AnalyticsView.swift; sourceTree = "<group>"; };
		CA882DB42C7189C5007B7B9A /* Zen.app */ = {isa = PBXFileReference; explicitFileType = wrapper.application; includeInIndex = 0; path = Zen.app; sourceTree = BUILT_PRODUCTS_DIR; };
		CA882DB72C7189C5007B7B9A /* ZenApp.swift */ = {isa = PBXFileReference; lastKnownFileType = sourcecode.swift; path = ZenApp.swift; sourceTree = "<group>"; };
		CA882DB92C7189C5007B7B9A /* ContentView.swift */ = {isa = PBXFileReference; lastKnownFileType = sourcecode.swift; path = ContentView.swift; sourceTree = "<group>"; };
		CA882DBB2C7189C5007B7B9A /* Item.swift */ = {isa = PBXFileReference; lastKnownFileType = sourcecode.swift; path = Item.swift; sourceTree = "<group>"; };
		CA882DBD2C7189C8007B7B9A /* Assets.xcassets */ = {isa = PBXFileReference; lastKnownFileType = folder.assetcatalog; path = Assets.xcassets; sourceTree = "<group>"; };
		CA882DC02C7189C8007B7B9A /* Preview Assets.xcassets */ = {isa = PBXFileReference; lastKnownFileType = folder.assetcatalog; path = "Preview Assets.xcassets"; sourceTree = "<group>"; };
		CA882DC62C7189C8007B7B9A /* ZenTests.xctest */ = {isa = PBXFileReference; explicitFileType = wrapper.cfbundle; includeInIndex = 0; path = ZenTests.xctest; sourceTree = BUILT_PRODUCTS_DIR; };
		CA882DCA2C7189C8007B7B9A /* ZenCheckTests.swift */ = {isa = PBXFileReference; lastKnownFileType = sourcecode.swift; path = ZenCheckTests.swift; sourceTree = "<group>"; };
		CA882DD02C7189C8007B7B9A /* ZenUITests.xctest */ = {isa = PBXFileReference; explicitFileType = wrapper.cfbundle; includeInIndex = 0; path = ZenUITests.xctest; sourceTree = BUILT_PRODUCTS_DIR; };
		CA882DD42C7189C8007B7B9A /* ZenUITests.swift */ = {isa = PBXFileReference; lastKnownFileType = sourcecode.swift; path = ZenUITests.swift; sourceTree = "<group>"; };
		CA882DD62C7189C8007B7B9A /* ZenUITestsLaunchTests.swift */ = {isa = PBXFileReference; lastKnownFileType = sourcecode.swift; path = ZenUITestsLaunchTests.swift; sourceTree = "<group>"; };
		CA882DE72C718C55007B7B9A /* Task.swift */ = {isa = PBXFileReference; lastKnownFileType = sourcecode.swift; path = Task.swift; sourceTree = "<group>"; };
		CA882DE92C718C76007B7B9A /* TaskViewModel.swift */ = {isa = PBXFileReference; lastKnownFileType = sourcecode.swift; path = TaskViewModel.swift; sourceTree = "<group>"; };
		CA882DEB2C718CC5007B7B9A /* HomeView.swift */ = {isa = PBXFileReference; lastKnownFileType = sourcecode.swift; path = HomeView.swift; sourceTree = "<group>"; };
		CA882DED2C718CE8007B7B9A /* CalendarView.swift */ = {isa = PBXFileReference; lastKnownFileType = sourcecode.swift; path = CalendarView.swift; sourceTree = "<group>"; };
		CAFD49572C72995300CED77C /* SummaryView.swift */ = {isa = PBXFileReference; lastKnownFileType = sourcecode.swift; path = SummaryView.swift; sourceTree = "<group>"; };
		CAFD495A2C7299C500CED77C /* OpenAIService.swift */ = {isa = PBXFileReference; lastKnownFileType = sourcecode.swift; path = OpenAIService.swift; sourceTree = "<group>"; };
/* End PBXFileReference section */

/* Begin PBXFrameworksBuildPhase section */
		CA882DB12C7189C5007B7B9A /* Frameworks */ = {
			isa = PBXFrameworksBuildPhase;
			buildActionMask = 2147483647;
			files = (
			);
			runOnlyForDeploymentPostprocessing = 0;
		};
		CA882DC32C7189C8007B7B9A /* Frameworks */ = {
			isa = PBXFrameworksBuildPhase;
			buildActionMask = 2147483647;
			files = (
			);
			runOnlyForDeploymentPostprocessing = 0;
		};
		CA882DCD2C7189C8007B7B9A /* Frameworks */ = {
			isa = PBXFrameworksBuildPhase;
			buildActionMask = 2147483647;
			files = (
			);
			runOnlyForDeploymentPostprocessing = 0;
		};
/* End PBXFrameworksBuildPhase section */

/* Begin PBXGroup section */
		CA882DAB2C7189C5007B7B9A = {
			isa = PBXGroup;
			children = (
				CA882DB62C7189C5007B7B9A /* Zen */,
				CA882DC92C7189C8007B7B9A /* ZenTests */,
				CA882DD32C7189C8007B7B9A /* ZenUITests */,
				CA882DB52C7189C5007B7B9A /* Products */,
			);
			sourceTree = "<group>";
		};
		CA882DB52C7189C5007B7B9A /* Products */ = {
			isa = PBXGroup;
			children = (
				CA882DB42C7189C5007B7B9A /* Zen.app */,
				CA882DC62C7189C8007B7B9A /* ZenTests.xctest */,
				CA882DD02C7189C8007B7B9A /* ZenUITests.xctest */,
			);
			name = Products;
			sourceTree = "<group>";
		};
		CA882DB62C7189C5007B7B9A /* Zen */ = {
			isa = PBXGroup;
			children = (
				CAFD49592C7299B300CED77C /* Services */,
				CA882DE62C718C37007B7B9A /* Resources */,
				CA882DE52C718C2C007B7B9A /* ViewModels */,
				CA882DE42C718C27007B7B9A /* Views */,
				CA882DE32C718C1F007B7B9A /* Models */,
				CA882DB72C7189C5007B7B9A /* ZenApp.swift */,
				CA882DB92C7189C5007B7B9A /* ContentView.swift */,
				CA882DBB2C7189C5007B7B9A /* Item.swift */,
				CA882DBD2C7189C8007B7B9A /* Assets.xcassets */,
				CA882DBF2C7189C8007B7B9A /* Preview Content */,
			);
			path = Zen;
			sourceTree = "<group>";
		};
		CA882DBF2C7189C8007B7B9A /* Preview Content */ = {
			isa = PBXGroup;
			children = (
				CA882DC02C7189C8007B7B9A /* Preview Assets.xcassets */,
			);
			path = "Preview Content";
			sourceTree = "<group>";
		};
		CA882DC92C7189C8007B7B9A /* ZenTests */ = {
			isa = PBXGroup;
			children = (
				CA882DCA2C7189C8007B7B9A /* ZenCheckTests.swift */,
			);
			path = ZenTests;
			sourceTree = "<group>";
		};
		CA882DD32C7189C8007B7B9A /* ZenUITests */ = {
			isa = PBXGroup;
			children = (
				CA882DD42C7189C8007B7B9A /* ZenUITests.swift */,
				CA882DD62C7189C8007B7B9A /* ZenUITestsLaunchTests.swift */,
			);
			path = ZenUITests;
			sourceTree = "<group>";
		};
		CA882DE32C718C1F007B7B9A /* Models */ = {
			isa = PBXGroup;
			children = (
				CA882DE72C718C55007B7B9A /* Task.swift */,
			);
			path = Models;
			sourceTree = "<group>";
		};
		CA882DE42C718C27007B7B9A /* Views */ = {
			isa = PBXGroup;
			children = (
				CA882DEB2C718CC5007B7B9A /* HomeView.swift */,
				CA882DED2C718CE8007B7B9A /* CalendarView.swift */,
				CAFD49572C72995300CED77C /* SummaryView.swift */,
				CA4E20432C8A5D9E00DA1E01 /* AnalyticsView.swift */,
			);
			path = Views;
			sourceTree = "<group>";
		};
		CA882DE52C718C2C007B7B9A /* ViewModels */ = {
			isa = PBXGroup;
			children = (
				CA882DE92C718C76007B7B9A /* TaskViewModel.swift */,
			);
			path = ViewModels;
			sourceTree = "<group>";
		};
		CA882DE62C718C37007B7B9A /* Resources */ = {
			isa = PBXGroup;
			children = (
			);
			path = Resources;
			sourceTree = "<group>";
		};
		CAFD49592C7299B300CED77C /* Services */ = {
			isa = PBXGroup;
			children = (
				CAFD495A2C7299C500CED77C /* OpenAIService.swift */,
			);
			path = Services;
			sourceTree = "<group>";
		};
/* End PBXGroup section */

/* Begin PBXNativeTarget section */
		CA882DB32C7189C5007B7B9A /* Zen */ = {
			isa = PBXNativeTarget;
			buildConfigurationList = CA882DDA2C7189C8007B7B9A /* Build configuration list for PBXNativeTarget "Zen" */;
			buildPhases = (
				CA882DB02C7189C5007B7B9A /* Sources */,
				CA882DB12C7189C5007B7B9A /* Frameworks */,
				CA882DB22C7189C5007B7B9A /* Resources */,
			);
			buildRules = (
			);
			dependencies = (
			);
			name = Zen;
			productName = ZenCheck;
			productReference = CA882DB42C7189C5007B7B9A /* Zen.app */;
			productType = "com.apple.product-type.application";
		};
		CA882DC52C7189C8007B7B9A /* ZenTests */ = {
			isa = PBXNativeTarget;
			buildConfigurationList = CA882DDD2C7189C8007B7B9A /* Build configuration list for PBXNativeTarget "ZenTests" */;
			buildPhases = (
				CA882DC22C7189C8007B7B9A /* Sources */,
				CA882DC32C7189C8007B7B9A /* Frameworks */,
				CA882DC42C7189C8007B7B9A /* Resources */,
			);
			buildRules = (
			);
			dependencies = (
				CA882DC82C7189C8007B7B9A /* PBXTargetDependency */,
			);
			name = ZenTests;
			productName = ZenCheckTests;
			productReference = CA882DC62C7189C8007B7B9A /* ZenTests.xctest */;
			productType = "com.apple.product-type.bundle.unit-test";
		};
		CA882DCF2C7189C8007B7B9A /* ZenUITests */ = {
			isa = PBXNativeTarget;
			buildConfigurationList = CA882DE02C7189C8007B7B9A /* Build configuration list for PBXNativeTarget "ZenUITests" */;
			buildPhases = (
				CA882DCC2C7189C8007B7B9A /* Sources */,
				CA882DCD2C7189C8007B7B9A /* Frameworks */,
				CA882DCE2C7189C8007B7B9A /* Resources */,
			);
			buildRules = (
			);
			dependencies = (
				CA882DD22C7189C8007B7B9A /* PBXTargetDependency */,
			);
			name = ZenUITests;
			productName = ZenCheckUITests;
			productReference = CA882DD02C7189C8007B7B9A /* ZenUITests.xctest */;
			productType = "com.apple.product-type.bundle.ui-testing";
		};
/* End PBXNativeTarget section */

/* Begin PBXProject section */
		CA882DAC2C7189C5007B7B9A /* Project object */ = {
			isa = PBXProject;
			attributes = {
				BuildIndependentTargetsInParallel = 1;
				LastSwiftUpdateCheck = 1540;
				LastUpgradeCheck = 1540;
				TargetAttributes = {
					CA882DB32C7189C5007B7B9A = {
						CreatedOnToolsVersion = 15.4;
					};
					CA882DC52C7189C8007B7B9A = {
						CreatedOnToolsVersion = 15.4;
						TestTargetID = CA882DB32C7189C5007B7B9A;
					};
					CA882DCF2C7189C8007B7B9A = {
						CreatedOnToolsVersion = 15.4;
						TestTargetID = CA882DB32C7189C5007B7B9A;
					};
				};
			};
			buildConfigurationList = CA882DAF2C7189C5007B7B9A /* Build configuration list for PBXProject "Zen" */;
			compatibilityVersion = "Xcode 14.0";
			developmentRegion = en;
			hasScannedForEncodings = 0;
			knownRegions = (
				en,
				Base,
			);
			mainGroup = CA882DAB2C7189C5007B7B9A;
			productRefGroup = CA882DB52C7189C5007B7B9A /* Products */;
			projectDirPath = "";
			projectRoot = "";
			targets = (
				CA882DB32C7189C5007B7B9A /* Zen */,
				CA882DC52C7189C8007B7B9A /* ZenTests */,
				CA882DCF2C7189C8007B7B9A /* ZenUITests */,
			);
		};
/* End PBXProject section */

/* Begin PBXResourcesBuildPhase section */
		CA882DB22C7189C5007B7B9A /* Resources */ = {
			isa = PBXResourcesBuildPhase;
			buildActionMask = 2147483647;
			files = (
				CA882DC12C7189C8007B7B9A /* Preview Assets.xcassets in Resources */,
				CA882DBE2C7189C8007B7B9A /* Assets.xcassets in Resources */,
			);
			runOnlyForDeploymentPostprocessing = 0;
		};
		CA882DC42C7189C8007B7B9A /* Resources */ = {
			isa = PBXResourcesBuildPhase;
			buildActionMask = 2147483647;
			files = (
			);
			runOnlyForDeploymentPostprocessing = 0;
		};
		CA882DCE2C7189C8007B7B9A /* Resources */ = {
			isa = PBXResourcesBuildPhase;
			buildActionMask = 2147483647;
			files = (
			);
			runOnlyForDeploymentPostprocessing = 0;
		};
/* End PBXResourcesBuildPhase section */

/* Begin PBXSourcesBuildPhase section */
		CA882DB02C7189C5007B7B9A /* Sources */ = {
			isa = PBXSourcesBuildPhase;
			buildActionMask = 2147483647;
			files = (
				CA882DE82C718C55007B7B9A /* Task.swift in Sources */,
				CA882DEE2C718CE8007B7B9A /* CalendarView.swift in Sources */,
				CA882DBA2C7189C5007B7B9A /* ContentView.swift in Sources */,
				CA4E20442C8A5D9E00DA1E01 /* AnalyticsView.swift in Sources */,
				CA882DBC2C7189C5007B7B9A /* Item.swift in Sources */,
				CA882DEC2C718CC5007B7B9A /* HomeView.swift in Sources */,
				CAFD495B2C7299C500CED77C /* OpenAIService.swift in Sources */,
				CAFD49582C72995300CED77C /* SummaryView.swift in Sources */,
				CA882DEA2C718C76007B7B9A /* TaskViewModel.swift in Sources */,
				CA882DB82C7189C5007B7B9A /* ZenApp.swift in Sources */,
			);
			runOnlyForDeploymentPostprocessing = 0;
		};
		CA882DC22C7189C8007B7B9A /* Sources */ = {
			isa = PBXSourcesBuildPhase;
			buildActionMask = 2147483647;
			files = (
				CA882DCB2C7189C8007B7B9A /* ZenCheckTests.swift in Sources */,
			);
			runOnlyForDeploymentPostprocessing = 0;
		};
		CA882DCC2C7189C8007B7B9A /* Sources */ = {
			isa = PBXSourcesBuildPhase;
			buildActionMask = 2147483647;
			files = (
				CA882DD72C7189C8007B7B9A /* ZenUITestsLaunchTests.swift in Sources */,
				CA882DD52C7189C8007B7B9A /* ZenUITests.swift in Sources */,
			);
			runOnlyForDeploymentPostprocessing = 0;
		};
/* End PBXSourcesBuildPhase section */

/* Begin PBXTargetDependency section */
		CA882DC82C7189C8007B7B9A /* PBXTargetDependency */ = {
			isa = PBXTargetDependency;
			target = CA882DB32C7189C5007B7B9A /* Zen */;
			targetProxy = CA882DC72C7189C8007B7B9A /* PBXContainerItemProxy */;
		};
		CA882DD22C7189C8007B7B9A /* PBXTargetDependency */ = {
			isa = PBXTargetDependency;
			target = CA882DB32C7189C5007B7B9A /* Zen */;
			targetProxy = CA882DD12C7189C8007B7B9A /* PBXContainerItemProxy */;
		};
/* End PBXTargetDependency section */

/* Begin XCBuildConfiguration section */
		CA882DD82C7189C8007B7B9A /* Debug */ = {
			isa = XCBuildConfiguration;
			buildSettings = {
				ALWAYS_SEARCH_USER_PATHS = NO;
				ASSETCATALOG_COMPILER_GENERATE_SWIFT_ASSET_SYMBOL_EXTENSIONS = YES;
				CLANG_ANALYZER_NONNULL = YES;
				CLANG_ANALYZER_NUMBER_OBJECT_CONVERSION = YES_AGGRESSIVE;
				CLANG_CXX_LANGUAGE_STANDARD = "gnu++20";
				CLANG_ENABLE_MODULES = YES;
				CLANG_ENABLE_OBJC_ARC = YES;
				CLANG_ENABLE_OBJC_WEAK = YES;
				CLANG_WARN_BLOCK_CAPTURE_AUTORELEASING = YES;
				CLANG_WARN_BOOL_CONVERSION = YES;
				CLANG_WARN_COMMA = YES;
				CLANG_WARN_CONSTANT_CONVERSION = YES;
				CLANG_WARN_DEPRECATED_OBJC_IMPLEMENTATIONS = YES;
				CLANG_WARN_DIRECT_OBJC_ISA_USAGE = YES_ERROR;
				CLANG_WARN_DOCUMENTATION_COMMENTS = YES;
				CLANG_WARN_EMPTY_BODY = YES;
				CLANG_WARN_ENUM_CONVERSION = YES;
				CLANG_WARN_INFINITE_RECURSION = YES;
				CLANG_WARN_INT_CONVERSION = YES;
				CLANG_WARN_NON_LITERAL_NULL_CONVERSION = YES;
				CLANG_WARN_OBJC_IMPLICIT_RETAIN_SELF = YES;
				CLANG_WARN_OBJC_LITERAL_CONVERSION = YES;
				CLANG_WARN_OBJC_ROOT_CLASS = YES_ERROR;
				CLANG_WARN_QUOTED_INCLUDE_IN_FRAMEWORK_HEADER = YES;
				CLANG_WARN_RANGE_LOOP_ANALYSIS = YES;
				CLANG_WARN_STRICT_PROTOTYPES = YES;
				CLANG_WARN_SUSPICIOUS_MOVE = YES;
				CLANG_WARN_UNGUARDED_AVAILABILITY = YES_AGGRESSIVE;
				CLANG_WARN_UNREACHABLE_CODE = YES;
				CLANG_WARN__DUPLICATE_METHOD_MATCH = YES;
				COPY_PHASE_STRIP = NO;
				DEBUG_INFORMATION_FORMAT = dwarf;
				ENABLE_STRICT_OBJC_MSGSEND = YES;
				ENABLE_TESTABILITY = YES;
				ENABLE_USER_SCRIPT_SANDBOXING = YES;
				GCC_C_LANGUAGE_STANDARD = gnu17;
				GCC_DYNAMIC_NO_PIC = NO;
				GCC_NO_COMMON_BLOCKS = YES;
				GCC_OPTIMIZATION_LEVEL = 0;
				GCC_PREPROCESSOR_DEFINITIONS = (
					"DEBUG=1",
					"$(inherited)",
				);
				GCC_WARN_64_TO_32_BIT_CONVERSION = YES;
				GCC_WARN_ABOUT_RETURN_TYPE = YES_ERROR;
				GCC_WARN_UNDECLARED_SELECTOR = YES;
				GCC_WARN_UNINITIALIZED_AUTOS = YES_AGGRESSIVE;
				GCC_WARN_UNUSED_FUNCTION = YES;
				GCC_WARN_UNUSED_VARIABLE = YES;
				IPHONEOS_DEPLOYMENT_TARGET = 17.5;
				LOCALIZATION_PREFERS_STRING_CATALOGS = YES;
				MTL_ENABLE_DEBUG_INFO = INCLUDE_SOURCE;
				MTL_FAST_MATH = YES;
				ONLY_ACTIVE_ARCH = YES;
				SDKROOT = iphoneos;
				SWIFT_ACTIVE_COMPILATION_CONDITIONS = "DEBUG $(inherited)";
				SWIFT_OPTIMIZATION_LEVEL = "-Onone";
			};
			name = Debug;
		};
		CA882DD92C7189C8007B7B9A /* Release */ = {
			isa = XCBuildConfiguration;
			buildSettings = {
				ALWAYS_SEARCH_USER_PATHS = NO;
				ASSETCATALOG_COMPILER_GENERATE_SWIFT_ASSET_SYMBOL_EXTENSIONS = YES;
				CLANG_ANALYZER_NONNULL = YES;
				CLANG_ANALYZER_NUMBER_OBJECT_CONVERSION = YES_AGGRESSIVE;
				CLANG_CXX_LANGUAGE_STANDARD = "gnu++20";
				CLANG_ENABLE_MODULES = YES;
				CLANG_ENABLE_OBJC_ARC = YES;
				CLANG_ENABLE_OBJC_WEAK = YES;
				CLANG_WARN_BLOCK_CAPTURE_AUTORELEASING = YES;
				CLANG_WARN_BOOL_CONVERSION = YES;
				CLANG_WARN_COMMA = YES;
				CLANG_WARN_CONSTANT_CONVERSION = YES;
				CLANG_WARN_DEPRECATED_OBJC_IMPLEMENTATIONS = YES;
				CLANG_WARN_DIRECT_OBJC_ISA_USAGE = YES_ERROR;
				CLANG_WARN_DOCUMENTATION_COMMENTS = YES;
				CLANG_WARN_EMPTY_BODY = YES;
				CLANG_WARN_ENUM_CONVERSION = YES;
				CLANG_WARN_INFINITE_RECURSION = YES;
				CLANG_WARN_INT_CONVERSION = YES;
				CLANG_WARN_NON_LITERAL_NULL_CONVERSION = YES;
				CLANG_WARN_OBJC_IMPLICIT_RETAIN_SELF = YES;
				CLANG_WARN_OBJC_LITERAL_CONVERSION = YES;
				CLANG_WARN_OBJC_ROOT_CLASS = YES_ERROR;
				CLANG_WARN_QUOTED_INCLUDE_IN_FRAMEWORK_HEADER = YES;
				CLANG_WARN_RANGE_LOOP_ANALYSIS = YES;
				CLANG_WARN_STRICT_PROTOTYPES = YES;
				CLANG_WARN_SUSPICIOUS_MOVE = YES;
				CLANG_WARN_UNGUARDED_AVAILABILITY = YES_AGGRESSIVE;
				CLANG_WARN_UNREACHABLE_CODE = YES;
				CLANG_WARN__DUPLICATE_METHOD_MATCH = YES;
				COPY_PHASE_STRIP = NO;
				DEBUG_INFORMATION_FORMAT = "dwarf-with-dsym";
				ENABLE_NS_ASSERTIONS = NO;
				ENABLE_STRICT_OBJC_MSGSEND = YES;
				ENABLE_USER_SCRIPT_SANDBOXING = YES;
				GCC_C_LANGUAGE_STANDARD = gnu17;
				GCC_NO_COMMON_BLOCKS = YES;
				GCC_WARN_64_TO_32_BIT_CONVERSION = YES;
				GCC_WARN_ABOUT_RETURN_TYPE = YES_ERROR;
				GCC_WARN_UNDECLARED_SELECTOR = YES;
				GCC_WARN_UNINITIALIZED_AUTOS = YES_AGGRESSIVE;
				GCC_WARN_UNUSED_FUNCTION = YES;
				GCC_WARN_UNUSED_VARIABLE = YES;
				IPHONEOS_DEPLOYMENT_TARGET = 17.5;
				LOCALIZATION_PREFERS_STRING_CATALOGS = YES;
				MTL_ENABLE_DEBUG_INFO = NO;
				MTL_FAST_MATH = YES;
				SDKROOT = iphoneos;
				SWIFT_COMPILATION_MODE = wholemodule;
				VALIDATE_PRODUCT = YES;
			};
			name = Release;
		};
		CA882DDB2C7189C8007B7B9A /* Debug */ = {
			isa = XCBuildConfiguration;
			buildSettings = {
				ASSETCATALOG_COMPILER_APPICON_NAME = AppIcon;
				ASSETCATALOG_COMPILER_GLOBAL_ACCENT_COLOR_NAME = AccentColor;
				CODE_SIGN_STYLE = Automatic;
				CURRENT_PROJECT_VERSION = 1;
				DEVELOPMENT_ASSET_PATHS = "\"Zen/Preview Content\"";
				DEVELOPMENT_TEAM = 82M85JU52Y;
				ENABLE_PREVIEWS = YES;
				GENERATE_INFOPLIST_FILE = YES;
				INFOPLIST_FILE = "";
				INFOPLIST_KEY_LSApplicationCategoryType = "public.app-category.productivity";
				INFOPLIST_KEY_UIApplicationSceneManifest_Generation = YES;
				INFOPLIST_KEY_UIApplicationSupportsIndirectInputEvents = YES;
				INFOPLIST_KEY_UILaunchScreen_Generation = YES;
				INFOPLIST_KEY_UISupportedInterfaceOrientations_iPad = "UIInterfaceOrientationPortrait UIInterfaceOrientationPortraitUpsideDown UIInterfaceOrientationLandscapeLeft UIInterfaceOrientationLandscapeRight";
				INFOPLIST_KEY_UISupportedInterfaceOrientations_iPhone = "UIInterfaceOrientationPortrait UIInterfaceOrientationLandscapeLeft UIInterfaceOrientationLandscapeRight";
				INFOPLIST_KEY_UIUserInterfaceStyle = Dark;
				LD_RUNPATH_SEARCH_PATHS = (
					"$(inherited)",
					"@executable_path/Frameworks",
				);
				MARKETING_VERSION = 1.0;
				PRODUCT_BUNDLE_IDENTIFIER = kg.dev.Zen;
				PRODUCT_NAME = "$(TARGET_NAME)";
				SUPPORTED_PLATFORMS = "iphoneos iphonesimulator";
				SUPPORTS_MACCATALYST = NO;
				SUPPORTS_MAC_DESIGNED_FOR_IPHONE_IPAD = NO;
				SUPPORTS_XR_DESIGNED_FOR_IPHONE_IPAD = NO;
				SWIFT_EMIT_LOC_STRINGS = YES;
				SWIFT_VERSION = 5.0;
				TARGETED_DEVICE_FAMILY = 1;
			};
			name = Debug;
		};
		CA882DDC2C7189C8007B7B9A /* Release */ = {
			isa = XCBuildConfiguration;
			buildSettings = {
				ASSETCATALOG_COMPILER_APPICON_NAME = AppIcon;
				ASSETCATALOG_COMPILER_GLOBAL_ACCENT_COLOR_NAME = AccentColor;
				CODE_SIGN_STYLE = Automatic;
				CURRENT_PROJECT_VERSION = 1;
				DEVELOPMENT_ASSET_PATHS = "\"Zen/Preview Content\"";
				DEVELOPMENT_TEAM = 82M85JU52Y;
				ENABLE_PREVIEWS = YES;
				GENERATE_INFOPLIST_FILE = YES;
				INFOPLIST_FILE = "";
				INFOPLIST_KEY_LSApplicationCategoryType = "public.app-category.productivity";
				INFOPLIST_KEY_UIApplicationSceneManifest_Generation = YES;
				INFOPLIST_KEY_UIApplicationSupportsIndirectInputEvents = YES;
				INFOPLIST_KEY_UILaunchScreen_Generation = YES;
				INFOPLIST_KEY_UISupportedInterfaceOrientations_iPad = "UIInterfaceOrientationPortrait UIInterfaceOrientationPortraitUpsideDown UIInterfaceOrientationLandscapeLeft UIInterfaceOrientationLandscapeRight";
				INFOPLIST_KEY_UISupportedInterfaceOrientations_iPhone = "UIInterfaceOrientationPortrait UIInterfaceOrientationLandscapeLeft UIInterfaceOrientationLandscapeRight";
				INFOPLIST_KEY_UIUserInterfaceStyle = Dark;
				LD_RUNPATH_SEARCH_PATHS = (
					"$(inherited)",
					"@executable_path/Frameworks",
				);
				MARKETING_VERSION = 1.0;
				PRODUCT_BUNDLE_IDENTIFIER = kg.dev.Zen;
				PRODUCT_NAME = "$(TARGET_NAME)";
				SUPPORTED_PLATFORMS = "iphoneos iphonesimulator";
				SUPPORTS_MACCATALYST = NO;
				SUPPORTS_MAC_DESIGNED_FOR_IPHONE_IPAD = NO;
				SUPPORTS_XR_DESIGNED_FOR_IPHONE_IPAD = NO;
				SWIFT_EMIT_LOC_STRINGS = YES;
				SWIFT_VERSION = 5.0;
				TARGETED_DEVICE_FAMILY = 1;
			};
			name = Release;
		};
		CA882DDE2C7189C8007B7B9A /* Debug */ = {
			isa = XCBuildConfiguration;
			buildSettings = {
				ALWAYS_EMBED_SWIFT_STANDARD_LIBRARIES = YES;
				BUNDLE_LOADER = "$(TEST_HOST)";
				"CODE_SIGN_IDENTITY[sdk=macosx*]" = "-";
				CODE_SIGN_STYLE = Automatic;
				CURRENT_PROJECT_VERSION = 1;
				DEVELOPMENT_TEAM = 82M85JU52Y;
				GENERATE_INFOPLIST_FILE = YES;
				IPHONEOS_DEPLOYMENT_TARGET = 17.5;
				MARKETING_VERSION = 1.0;
				PRODUCT_BUNDLE_IDENTIFIER = kg.dev.ZenTests;
				PRODUCT_NAME = "$(TARGET_NAME)";
				SUPPORTED_PLATFORMS = "iphoneos iphonesimulator";
				SUPPORTS_MACCATALYST = NO;
				SUPPORTS_MAC_DESIGNED_FOR_IPHONE_IPAD = NO;
				SUPPORTS_XR_DESIGNED_FOR_IPHONE_IPAD = NO;
				SWIFT_EMIT_LOC_STRINGS = NO;
				SWIFT_VERSION = 5.0;
				TARGETED_DEVICE_FAMILY = 1;
				TEST_HOST = "$(BUILT_PRODUCTS_DIR)/Zen.app/$(BUNDLE_EXECUTABLE_FOLDER_PATH)/Zen";
			};
			name = Debug;
		};
		CA882DDF2C7189C8007B7B9A /* Release */ = {
			isa = XCBuildConfiguration;
			buildSettings = {
				ALWAYS_EMBED_SWIFT_STANDARD_LIBRARIES = YES;
				BUNDLE_LOADER = "$(TEST_HOST)";
				"CODE_SIGN_IDENTITY[sdk=macosx*]" = "-";
				CODE_SIGN_STYLE = Automatic;
				CURRENT_PROJECT_VERSION = 1;
				DEVELOPMENT_TEAM = 82M85JU52Y;
				GENERATE_INFOPLIST_FILE = YES;
				IPHONEOS_DEPLOYMENT_TARGET = 17.5;
				MARKETING_VERSION = 1.0;
				PRODUCT_BUNDLE_IDENTIFIER = kg.dev.ZenTests;
				PRODUCT_NAME = "$(TARGET_NAME)";
				SUPPORTED_PLATFORMS = "iphoneos iphonesimulator";
				SUPPORTS_MACCATALYST = NO;
				SUPPORTS_MAC_DESIGNED_FOR_IPHONE_IPAD = NO;
				SUPPORTS_XR_DESIGNED_FOR_IPHONE_IPAD = NO;
				SWIFT_EMIT_LOC_STRINGS = NO;
				SWIFT_VERSION = 5.0;
				TARGETED_DEVICE_FAMILY = 1;
				TEST_HOST = "$(BUILT_PRODUCTS_DIR)/Zen.app/$(BUNDLE_EXECUTABLE_FOLDER_PATH)/Zen";
			};
			name = Release;
		};
		CA882DE12C7189C8007B7B9A /* Debug */ = {
			isa = XCBuildConfiguration;
			buildSettings = {
				ALWAYS_EMBED_SWIFT_STANDARD_LIBRARIES = YES;
				"CODE_SIGN_IDENTITY[sdk=macosx*]" = "-";
				CODE_SIGN_STYLE = Automatic;
				CURRENT_PROJECT_VERSION = 1;
				DEVELOPMENT_TEAM = 82M85JU52Y;
				GENERATE_INFOPLIST_FILE = YES;
				MARKETING_VERSION = 1.0;
				PRODUCT_BUNDLE_IDENTIFIER = kg.dev.ZenUITests;
				PRODUCT_NAME = "$(TARGET_NAME)";
				SUPPORTED_PLATFORMS = "iphoneos iphonesimulator";
				SUPPORTS_MACCATALYST = NO;
				SUPPORTS_MAC_DESIGNED_FOR_IPHONE_IPAD = NO;
				SUPPORTS_XR_DESIGNED_FOR_IPHONE_IPAD = NO;
				SWIFT_EMIT_LOC_STRINGS = NO;
				SWIFT_VERSION = 5.0;
				TARGETED_DEVICE_FAMILY = 1;
				TEST_TARGET_NAME = ZenCheck;
			};
			name = Debug;
		};
		CA882DE22C7189C8007B7B9A /* Release */ = {
			isa = XCBuildConfiguration;
			buildSettings = {
				ALWAYS_EMBED_SWIFT_STANDARD_LIBRARIES = YES;
				"CODE_SIGN_IDENTITY[sdk=macosx*]" = "-";
				CODE_SIGN_STYLE = Automatic;
				CURRENT_PROJECT_VERSION = 1;
				DEVELOPMENT_TEAM = 82M85JU52Y;
				GENERATE_INFOPLIST_FILE = YES;
				MARKETING_VERSION = 1.0;
				PRODUCT_BUNDLE_IDENTIFIER = kg.dev.ZenUITests;
				PRODUCT_NAME = "$(TARGET_NAME)";
				SUPPORTED_PLATFORMS = "iphoneos iphonesimulator";
				SUPPORTS_MACCATALYST = NO;
				SUPPORTS_MAC_DESIGNED_FOR_IPHONE_IPAD = NO;
				SUPPORTS_XR_DESIGNED_FOR_IPHONE_IPAD = NO;
				SWIFT_EMIT_LOC_STRINGS = NO;
				SWIFT_VERSION = 5.0;
				TARGETED_DEVICE_FAMILY = 1;
				TEST_TARGET_NAME = ZenCheck;
			};
			name = Release;
		};
/* End XCBuildConfiguration section */

/* Begin XCConfigurationList section */
		CA882DAF2C7189C5007B7B9A /* Build configuration list for PBXProject "Zen" */ = {
			isa = XCConfigurationList;
			buildConfigurations = (
				CA882DD82C7189C8007B7B9A /* Debug */,
				CA882DD92C7189C8007B7B9A /* Release */,
			);
			defaultConfigurationIsVisible = 0;
			defaultConfigurationName = Release;
		};
		CA882DDA2C7189C8007B7B9A /* Build configuration list for PBXNativeTarget "Zen" */ = {
			isa = XCConfigurationList;
			buildConfigurations = (
				CA882DDB2C7189C8007B7B9A /* Debug */,
				CA882DDC2C7189C8007B7B9A /* Release */,
			);
			defaultConfigurationIsVisible = 0;
			defaultConfigurationName = Release;
		};
		CA882DDD2C7189C8007B7B9A /* Build configuration list for PBXNativeTarget "ZenTests" */ = {
			isa = XCConfigurationList;
			buildConfigurations = (
				CA882DDE2C7189C8007B7B9A /* Debug */,
				CA882DDF2C7189C8007B7B9A /* Release */,
			);
			defaultConfigurationIsVisible = 0;
			defaultConfigurationName = Release;
		};
		CA882DE02C7189C8007B7B9A /* Build configuration list for PBXNativeTarget "ZenUITests" */ = {
			isa = XCConfigurationList;
			buildConfigurations = (
				CA882DE12C7189C8007B7B9A /* Debug */,
				CA882DE22C7189C8007B7B9A /* Release */,
			);
			defaultConfigurationIsVisible = 0;
			defaultConfigurationName = Release;
		};
/* End XCConfigurationList section */
	};
	rootObject = CA882DAC2C7189C5007B7B9A /* Project object */;
}
